
Microsoft Visual Studio Solution File, Format Version 12.00
# Visual Studio Version 16
VisualStudioVersion = 16.0.31005.135
MinimumVisualStudioVersion = 10.0.40219.1
Project("{FAE04EC0-301F-11D3-BF4B-00C04F79EFBC}") = "gen.application.localization", "gen.application.localization\gen.application.localization.csproj", "{6E3560BB-E886-45CB-9FB5-9767DE07C699}"
EndProject
Project("{9A19103F-16F7-4668-BE54-9A1E7A4F7556}") = "gen.common", "gen.common\gen.common.csproj", "{296A2CD6-3375-4804-9659-B3CA20458112}"
EndProject
Project("{9A19103F-16F7-4668-BE54-9A1E7A4F7556}") = "gen.application.version", "gen.application.version\gen.application.version.csproj", "{38F7597D-1264-44EF-A931-363FAFACFE33}"
EndProject
Global
	GlobalSection(SolutionConfigurationPlatforms) = preSolution
		Debug|Any CPU = Debug|Any CPU
		Release|Any CPU = Release|Any CPU
	EndGlobalSection
	GlobalSection(ProjectConfigurationPlatforms) = postSolution
		{6E3560BB-E886-45CB-9FB5-9767DE07C699}.Debug|Any CPU.ActiveCfg = Debug|Any CPU
		{6E3560BB-E886-45CB-9FB5-9767DE07C699}.Debug|Any CPU.Build.0 = Debug|Any CPU
		{6E3560BB-E886-45CB-9FB5-9767DE07C699}.Release|Any CPU.ActiveCfg = Release|Any CPU
		{6E3560BB-E886-45CB-9FB5-9767DE07C699}.Release|Any CPU.Build.0 = Release|Any CPU
		{296A2CD6-3375-4804-9659-B3CA20458112}.Debug|Any CPU.ActiveCfg = Debug|Any CPU
		{296A2CD6-3375-4804-9659-B3CA20458112}.Debug|Any CPU.Build.0 = Debug|Any CPU
		{296A2CD6-3375-4804-9659-B3CA20458112}.Release|Any CPU.ActiveCfg = Release|Any CPU
		{296A2CD6-3375-4804-9659-B3CA20458112}.Release|Any CPU.Build.0 = Release|Any CPU
		{38F7597D-1264-44EF-A931-363FAFACFE33}.Debug|Any CPU.ActiveCfg = Debug|Any CPU
		{38F7597D-1264-44EF-A931-363FAFACFE33}.Debug|Any CPU.Build.0 = Debug|Any CPU
		{38F7597D-1264-44EF-A931-363FAFACFE33}.Release|Any CPU.ActiveCfg = Release|Any CPU
		{38F7597D-1264-44EF-A931-363FAFACFE33}.Release|Any CPU.Build.0 = Release|Any CPU
	EndGlobalSection
	GlobalSection(SolutionProperties) = preSolution
		HideSolutionNode = FALSE
	EndGlobalSection
	GlobalSection(ExtensibilityGlobals) = postSolution
		SolutionGuid = {42173CDB-AA62-4747-9C43-8AE198B1F7E4}
	EndGlobalSection
EndGlobal
